
Microsoft Visual Studio Solution File, Format Version 12.00
# Visual Studio Version 16
VisualStudioVersion = 16.0.30621.155
MinimumVisualStudioVersion = 10.0.40219.1
Project("{9A19103F-16F7-4668-BE54-9A1E7A4F7556}") = "ArticleApi.Api", "ArticleApi.Api\ArticleApi.Api.csproj", "{B86723B0-8587-4004-BD01-B39AD6BE5AEB}"
EndProject
Project("{2150E333-8FDC-42A3-9474-1A3956D46DE8}") = "Presentation", "Presentation", "{A991D03C-251A-4BCC-BDA5-8EF0DD003688}"
EndProject
Project("{2150E333-8FDC-42A3-9474-1A3956D46DE8}") = "Data", "Data", "{D08299C0-04C2-4394-9605-E8681C810219}"
EndProject
Project("{9A19103F-16F7-4668-BE54-9A1E7A4F7556}") = "ArticleApi.Data", "ArticleApi.Data\ArticleApi.Data.csproj", "{3A9004A5-89F0-4CED-8D44-2FEE6C61FBC6}"
EndProject
Project("{9A19103F-16F7-4668-BE54-9A1E7A4F7556}") = "ArticleApi.Entity", "ArticleApi.Entity\ArticleApi.Entity.csproj", "{5198E98B-24F2-4292-ACDB-F1255E833DF4}"
EndProject
Project("{9A19103F-16F7-4668-BE54-9A1E7A4F7556}") = "ArticleApi.Repository", "ArticleApi.Repository\ArticleApi.Repository.csproj", "{096059C1-1765-4236-A98A-B1ADB371D2D6}"
EndProject
Project("{9A19103F-16F7-4668-BE54-9A1E7A4F7556}") = "ArticleApi.UnitOfWork", "ArticleApi.UnitOfWork\ArticleApi.UnitOfWork.csproj", "{3375EE04-C5BA-466A-81DF-B6A2ED3C7789}"
EndProject
Project("{2150E333-8FDC-42A3-9474-1A3956D46DE8}") = "Infrastructure", "Infrastructure", "{A26CAF6C-7150-45D0-A05D-9D5D455655C7}"
EndProject
Project("{9A19103F-16F7-4668-BE54-9A1E7A4F7556}") = "ArticleApi.Business", "ArticleApi.Business\ArticleApi.Business.csproj", "{D129D1AC-77DF-4991-90B4-B6D9EA7F8961}"
EndProject
Project("{9A19103F-16F7-4668-BE54-9A1E7A4F7556}") = "ArticleApi.DataAccess", "ArticleApi.DataAccess\ArticleApi.DataAccess.csproj", "{717F8011-035B-4FAC-A8B8-AA1322FAC98D}"
EndProject
Project("{9A19103F-16F7-4668-BE54-9A1E7A4F7556}") = "ArticleApi.Dto", "ArticleApi.Dto\ArticleApi.Dto.csproj", "{86532559-45FE-41A6-AAD1-0BD7A1FBC6C0}"
EndProject
Project("{9A19103F-16F7-4668-BE54-9A1E7A4F7556}") = "ArticleApi.Ioc", "ArticleApi.Ioc\ArticleApi.Ioc.csproj", "{1429771B-9B36-417A-8036-8BBB82D753CA}"
EndProject
Global
	GlobalSection(SolutionConfigurationPlatforms) = preSolution
		Debug|Any CPU = Debug|Any CPU
		Release|Any CPU = Release|Any CPU
	EndGlobalSection
	GlobalSection(ProjectConfigurationPlatforms) = postSolution
		{B86723B0-8587-4004-BD01-B39AD6BE5AEB}.Debug|Any CPU.ActiveCfg = Debug|Any CPU
		{B86723B0-8587-4004-BD01-B39AD6BE5AEB}.Debug|Any CPU.Build.0 = Debug|Any CPU
		{B86723B0-8587-4004-BD01-B39AD6BE5AEB}.Release|Any CPU.ActiveCfg = Release|Any CPU
		{B86723B0-8587-4004-BD01-B39AD6BE5AEB}.Release|Any CPU.Build.0 = Release|Any CPU
		{3A9004A5-89F0-4CED-8D44-2FEE6C61FBC6}.Debug|Any CPU.ActiveCfg = Debug|Any CPU
		{3A9004A5-89F0-4CED-8D44-2FEE6C61FBC6}.Debug|Any CPU.Build.0 = Debug|Any CPU
		{3A9004A5-89F0-4CED-8D44-2FEE6C61FBC6}.Release|Any CPU.ActiveCfg = Release|Any CPU
		{3A9004A5-89F0-4CED-8D44-2FEE6C61FBC6}.Release|Any CPU.Build.0 = Release|Any CPU
		{5198E98B-24F2-4292-ACDB-F1255E833DF4}.Debug|Any CPU.ActiveCfg = Debug|Any CPU
		{5198E98B-24F2-4292-ACDB-F1255E833DF4}.Debug|Any CPU.Build.0 = Debug|Any CPU
		{5198E98B-24F2-4292-ACDB-F1255E833DF4}.Release|Any CPU.ActiveCfg = Release|Any CPU
		{5198E98B-24F2-4292-ACDB-F1255E833DF4}.Release|Any CPU.Build.0 = Release|Any CPU
		{096059C1-1765-4236-A98A-B1ADB371D2D6}.Debug|Any CPU.ActiveCfg = Debug|Any CPU
		{096059C1-1765-4236-A98A-B1ADB371D2D6}.Debug|Any CPU.Build.0 = Debug|Any CPU
		{096059C1-1765-4236-A98A-B1ADB371D2D6}.Release|Any CPU.ActiveCfg = Release|Any CPU
		{096059C1-1765-4236-A98A-B1ADB371D2D6}.Release|Any CPU.Build.0 = Release|Any CPU
		{3375EE04-C5BA-466A-81DF-B6A2ED3C7789}.Debug|Any CPU.ActiveCfg = Debug|Any CPU
		{3375EE04-C5BA-466A-81DF-B6A2ED3C7789}.Debug|Any CPU.Build.0 = Debug|Any CPU
		{3375EE04-C5BA-466A-81DF-B6A2ED3C7789}.Release|Any CPU.ActiveCfg = Release|Any CPU
		{3375EE04-C5BA-466A-81DF-B6A2ED3C7789}.Release|Any CPU.Build.0 = Release|Any CPU
		{D129D1AC-77DF-4991-90B4-B6D9EA7F8961}.Debug|Any CPU.ActiveCfg = Debug|Any CPU
		{D129D1AC-77DF-4991-90B4-B6D9EA7F8961}.Debug|Any CPU.Build.0 = Debug|Any CPU
		{D129D1AC-77DF-4991-90B4-B6D9EA7F8961}.Release|Any CPU.ActiveCfg = Release|Any CPU
		{D129D1AC-77DF-4991-90B4-B6D9EA7F8961}.Release|Any CPU.Build.0 = Release|Any CPU
		{717F8011-035B-4FAC-A8B8-AA1322FAC98D}.Debug|Any CPU.ActiveCfg = Debug|Any CPU
		{717F8011-035B-4FAC-A8B8-AA1322FAC98D}.Debug|Any CPU.Build.0 = Debug|Any CPU
		{717F8011-035B-4FAC-A8B8-AA1322FAC98D}.Release|Any CPU.ActiveCfg = Release|Any CPU
		{717F8011-035B-4FAC-A8B8-AA1322FAC98D}.Release|Any CPU.Build.0 = Release|Any CPU
		{86532559-45FE-41A6-AAD1-0BD7A1FBC6C0}.Debug|Any CPU.ActiveCfg = Debug|Any CPU
		{86532559-45FE-41A6-AAD1-0BD7A1FBC6C0}.Debug|Any CPU.Build.0 = Debug|Any CPU
		{86532559-45FE-41A6-AAD1-0BD7A1FBC6C0}.Release|Any CPU.ActiveCfg = Release|Any CPU
		{86532559-45FE-41A6-AAD1-0BD7A1FBC6C0}.Release|Any CPU.Build.0 = Release|Any CPU
		{1429771B-9B36-417A-8036-8BBB82D753CA}.Debug|Any CPU.ActiveCfg = Debug|Any CPU
		{1429771B-9B36-417A-8036-8BBB82D753CA}.Debug|Any CPU.Build.0 = Debug|Any CPU
		{1429771B-9B36-417A-8036-8BBB82D753CA}.Release|Any CPU.ActiveCfg = Release|Any CPU
		{1429771B-9B36-417A-8036-8BBB82D753CA}.Release|Any CPU.Build.0 = Release|Any CPU
	EndGlobalSection
	GlobalSection(SolutionProperties) = preSolution
		HideSolutionNode = FALSE
	EndGlobalSection
	GlobalSection(NestedProjects) = preSolution
		{B86723B0-8587-4004-BD01-B39AD6BE5AEB} = {A991D03C-251A-4BCC-BDA5-8EF0DD003688}
		{3A9004A5-89F0-4CED-8D44-2FEE6C61FBC6} = {D08299C0-04C2-4394-9605-E8681C810219}
		{5198E98B-24F2-4292-ACDB-F1255E833DF4} = {D08299C0-04C2-4394-9605-E8681C810219}
		{096059C1-1765-4236-A98A-B1ADB371D2D6} = {D08299C0-04C2-4394-9605-E8681C810219}
		{3375EE04-C5BA-466A-81DF-B6A2ED3C7789} = {D08299C0-04C2-4394-9605-E8681C810219}
		{D129D1AC-77DF-4991-90B4-B6D9EA7F8961} = {A26CAF6C-7150-45D0-A05D-9D5D455655C7}
		{717F8011-035B-4FAC-A8B8-AA1322FAC98D} = {A26CAF6C-7150-45D0-A05D-9D5D455655C7}
		{86532559-45FE-41A6-AAD1-0BD7A1FBC6C0} = {A26CAF6C-7150-45D0-A05D-9D5D455655C7}
		{1429771B-9B36-417A-8036-8BBB82D753CA} = {A26CAF6C-7150-45D0-A05D-9D5D455655C7}
	EndGlobalSection
	GlobalSection(ExtensibilityGlobals) = postSolution
		SolutionGuid = {6A025B19-A5FA-4870-B385-6E2DC74DFF8D}
	EndGlobalSection
EndGlobal
